
Microsoft Visual Studio Solution File, Format Version 12.00
# Visual Studio Version 16
VisualStudioVersion = 16.0.29519.181
MinimumVisualStudioVersion = 15.0.26124.0
Project("{2150E333-8FDC-42A3-9474-1A3956D46DE8}") = "Lesson1", "Lesson1", "{3CFF577E-8222-4636-AA5C-2CAFCDEC1F69}"
	ProjectSection(SolutionItems) = preProject
		.editorconfig = .editorconfig
	EndProjectSection
EndProject
Project("{9A19103F-16F7-4668-BE54-9A1E7A4F7556}") = "OcsicoTraining.Stasulevich.Lesson1.Gdc", "OcsicoTraining.Stasulevich.Lesson1.Gdc\OcsicoTraining.Stasulevich.Lesson1.Gdc.csproj", "{A3BE0F87-BF79-4487-9B85-DA3EA2917946}"
EndProject
Project("{9A19103F-16F7-4668-BE54-9A1E7A4F7556}") = "OcsicoTraining.Stasulevich.Lesson1.Presentation", "OcsicoTraining.Stasulevich.Lesson1.Presentation\OcsicoTraining.Stasulevich.Lesson1.Presentation.csproj", "{5FB66CE3-3A72-44E2-8F81-970B329FD787}"
EndProject
Project("{9A19103F-16F7-4668-BE54-9A1E7A4F7556}") = "OcsicoTraining.Stasulevich.Lesson1.BinaryGdc", "OcsicoTraining.Stasulevich.Lesson1.BinaryGdc\OcsicoTraining.Stasulevich.Lesson1.BinaryGdc.csproj", "{0B51735F-6329-4170-8B81-358A886D928A}"
EndProject
Project("{9A19103F-16F7-4668-BE54-9A1E7A4F7556}") = "OcsicoTraining.Stasulevich.Lesson1.BubbleSort", "OcsicoTraining.Stasulevich.Lesson1.BubbleSort\OcsicoTraining.Stasulevich.Lesson1.BubbleSort.csproj", "{53A73151-6F66-46E4-99FF-89EE00547FF2}"
EndProject
Project("{2150E333-8FDC-42A3-9474-1A3956D46DE8}") = "Lesson2", "Lesson2", "{543DA14A-0A54-4FAF-B445-565E452FBA9B}"
EndProject
Project("{9A19103F-16F7-4668-BE54-9A1E7A4F7556}") = "OcsicoTraining.Stasulevich.Lesson2.Presentation", "OcsicoTraining.Stasulevich.Lesson2.Presentation\OcsicoTraining.Stasulevich.Lesson2.Presentation.csproj", "{ED65FA85-02E9-43BA-954A-5C86FE82F880}"
EndProject
Project("{9A19103F-16F7-4668-BE54-9A1E7A4F7556}") = "OcsicoTraining.Stasulevich.Lesson2.NewtonMethod", "OcsicoTraining.Stasulevich.Lesson2.NewtonMethod\OcsicoTraining.Stasulevich.Lesson2.NewtonMethod.csproj", "{0317107C-95E2-4946-88D7-558DDFA018DB}"
EndProject
Project("{9A19103F-16F7-4668-BE54-9A1E7A4F7556}") = "OcsicoTraining.Stasulevich.Lesson2.GenericSort", "OcsicoTraining.Stasulevich.Lesson2.GenericSort\OcsicoTraining.Stasulevich.Lesson2.GenericSort.csproj", "{9D937F7E-BD27-4554-87D5-FC8CAD4CCA78}"
EndProject
Project("{9A19103F-16F7-4668-BE54-9A1E7A4F7556}") = "OcsicoTraining.Stasulevich.Lesson2.GenericQueue", "OcsicoTraining.Stasulevich.Lesson2.GenericQueue\OcsicoTraining.Stasulevich.Lesson2.GenericQueue.csproj", "{0C7DBC31-F0DA-4F25-98B2-C31A0F680F1F}"
EndProject
Project("{2150E333-8FDC-42A3-9474-1A3956D46DE8}") = "Lesson6", "Lesson6", "{798C6E98-06C0-45E3-8E24-33B74BD25519}"
EndProject
Project("{9A19103F-16F7-4668-BE54-9A1E7A4F7556}") = "OcsicoTraining.Stasulevich.Lesson6.Presentation", "OcsicoTraining.Stasulevich.Lesson6.Presentation\OcsicoTraining.Stasulevich.Lesson6.Presentation.csproj", "{515B21DC-D57B-46B8-AD40-CD6F5C8EEFA8}"
EndProject
Project("{9A19103F-16F7-4668-BE54-9A1E7A4F7556}") = "OcsicoTraining.Stasulevich.Lesson6.FactorialCalculator", "OcsicoTraining.Stasulevich.Lesson6.FactorialCalculator\OcsicoTraining.Stasulevich.Lesson6.FactorialCalculator.csproj", "{24C6F164-1F2B-4B79-855B-0C6B5F807948}"
EndProject
Project("{9A19103F-16F7-4668-BE54-9A1E7A4F7556}") = "OcsicoTraining.Stasulevich.Lesson6.TestsOfFactorial", "OcsicoTraining.Stasulevich.Lesson6.TestsOfFactorial\OcsicoTraining.Stasulevich.Lesson6.TestsOfFactorial.csproj", "{66EA146C-03D3-47B5-8061-99E26D95F6F5}"
EndProject
Project("{9A19103F-16F7-4668-BE54-9A1E7A4F7556}") = "OcsicoTraining.Stasulevich.Lesson6.FibonacciNumbers", "OcsicoTraining.Stasulevich.Lesson6.FibonacciNumbers\OcsicoTraining.Stasulevich.Lesson6.FibonacciNumbers.csproj", "{22A11A68-FD7B-4572-BC5A-7F3434CC6949}"
EndProject
Project("{9A19103F-16F7-4668-BE54-9A1E7A4F7556}") = "OcsicoTraining.Stasulevich.Lesson6.TestsFibonacciNumbers", "OcsicoTraining.Stasulevich.Lesson6.TestsFibonacciNumbers\OcsicoTraining.Stasulevich.Lesson6.TestsFibonacciNumbers.csproj", "{E9806BEF-09F3-487D-9D81-EC232A081E52}"
EndProject
Project("{2150E333-8FDC-42A3-9474-1A3956D46DE8}") = "Lesson4", "Lesson4", "{862F857A-41EE-42D6-B912-65310EB5197A}"
EndProject
Project("{9A19103F-16F7-4668-BE54-9A1E7A4F7556}") = "OcsicoTraining.Stasulevich.Lesson4.Presentation", "OcsicoTraining.Stasulevich.Lesson4.Presentation\OcsicoTraining.Stasulevich.Lesson4.Presentation.csproj", "{256E3B44-11DA-4F96-8FE9-981E4EBD5D17}"
EndProject
Project("{9A19103F-16F7-4668-BE54-9A1E7A4F7556}") = "OcsicoTraining.Stasulevich.Lesson4.VariousUsers", "OcsicoTraining.Stasulevich.Lesson4.VariousUsers\OcsicoTraining.Stasulevich.Lesson4.VariousUsers.csproj", "{7D9ACCC4-591C-4A8B-8D9E-38DDD80382CC}"
EndProject
Project("{2150E333-8FDC-42A3-9474-1A3956D46DE8}") = "Lesson4", "Lesson4", "{9594C263-8475-458C-8378-50E58DA1D93A}"
EndProject
Project("{9A19103F-16F7-4668-BE54-9A1E7A4F7556}") = "OcsicoTraining.Stasulevich.Lesson4.NewtonMethodTests", "OcsicoTraining.Stasulevich.Lesson4.NewtonMethodTests\OcsicoTraining.Stasulevich.Lesson4.NewtonMethodTests.csproj", "{2CF2666B-C251-479B-AF46-712D7D21EAC1}"
EndProject
Project("{2150E333-8FDC-42A3-9474-1A3956D46DE8}") = "Lesson4", "Lesson4", "{13F4438B-82BB-4859-9F06-DC81F6379C16}"
EndProject
Project("{9A19103F-16F7-4668-BE54-9A1E7A4F7556}") = "OcsicoTraining.Stasulevich.Lesson4.OrganizationManagmentSystem", "OcsicoTraining.Stasulevich.Lesson4.OrganizationManagmentSystem\OcsicoTraining.Stasulevich.Lesson4.OrganizationManagmentSystem.csproj", "{07CEDB05-D52C-4256-A22A-94D068453D68}"
EndProject
Global
	GlobalSection(SolutionConfigurationPlatforms) = preSolution
		Debug|Any CPU = Debug|Any CPU
		Debug|x64 = Debug|x64
		Debug|x86 = Debug|x86
		Release|Any CPU = Release|Any CPU
		Release|x64 = Release|x64
		Release|x86 = Release|x86
	EndGlobalSection
	GlobalSection(ProjectConfigurationPlatforms) = postSolution
		{A3BE0F87-BF79-4487-9B85-DA3EA2917946}.Debug|Any CPU.ActiveCfg = Debug|Any CPU
		{A3BE0F87-BF79-4487-9B85-DA3EA2917946}.Debug|Any CPU.Build.0 = Debug|Any CPU
		{A3BE0F87-BF79-4487-9B85-DA3EA2917946}.Debug|x64.ActiveCfg = Debug|Any CPU
		{A3BE0F87-BF79-4487-9B85-DA3EA2917946}.Debug|x64.Build.0 = Debug|Any CPU
		{A3BE0F87-BF79-4487-9B85-DA3EA2917946}.Debug|x86.ActiveCfg = Debug|Any CPU
		{A3BE0F87-BF79-4487-9B85-DA3EA2917946}.Debug|x86.Build.0 = Debug|Any CPU
		{A3BE0F87-BF79-4487-9B85-DA3EA2917946}.Release|Any CPU.ActiveCfg = Release|Any CPU
		{A3BE0F87-BF79-4487-9B85-DA3EA2917946}.Release|Any CPU.Build.0 = Release|Any CPU
		{A3BE0F87-BF79-4487-9B85-DA3EA2917946}.Release|x64.ActiveCfg = Release|Any CPU
		{A3BE0F87-BF79-4487-9B85-DA3EA2917946}.Release|x64.Build.0 = Release|Any CPU
		{A3BE0F87-BF79-4487-9B85-DA3EA2917946}.Release|x86.ActiveCfg = Release|Any CPU
		{A3BE0F87-BF79-4487-9B85-DA3EA2917946}.Release|x86.Build.0 = Release|Any CPU
		{5FB66CE3-3A72-44E2-8F81-970B329FD787}.Debug|Any CPU.ActiveCfg = Debug|Any CPU
		{5FB66CE3-3A72-44E2-8F81-970B329FD787}.Debug|Any CPU.Build.0 = Debug|Any CPU
		{5FB66CE3-3A72-44E2-8F81-970B329FD787}.Debug|x64.ActiveCfg = Debug|Any CPU
		{5FB66CE3-3A72-44E2-8F81-970B329FD787}.Debug|x64.Build.0 = Debug|Any CPU
		{5FB66CE3-3A72-44E2-8F81-970B329FD787}.Debug|x86.ActiveCfg = Debug|Any CPU
		{5FB66CE3-3A72-44E2-8F81-970B329FD787}.Debug|x86.Build.0 = Debug|Any CPU
		{5FB66CE3-3A72-44E2-8F81-970B329FD787}.Release|Any CPU.ActiveCfg = Release|Any CPU
		{5FB66CE3-3A72-44E2-8F81-970B329FD787}.Release|Any CPU.Build.0 = Release|Any CPU
		{5FB66CE3-3A72-44E2-8F81-970B329FD787}.Release|x64.ActiveCfg = Release|Any CPU
		{5FB66CE3-3A72-44E2-8F81-970B329FD787}.Release|x64.Build.0 = Release|Any CPU
		{5FB66CE3-3A72-44E2-8F81-970B329FD787}.Release|x86.ActiveCfg = Release|Any CPU
		{5FB66CE3-3A72-44E2-8F81-970B329FD787}.Release|x86.Build.0 = Release|Any CPU
		{0B51735F-6329-4170-8B81-358A886D928A}.Debug|Any CPU.ActiveCfg = Debug|Any CPU
		{0B51735F-6329-4170-8B81-358A886D928A}.Debug|Any CPU.Build.0 = Debug|Any CPU
		{0B51735F-6329-4170-8B81-358A886D928A}.Debug|x64.ActiveCfg = Debug|Any CPU
		{0B51735F-6329-4170-8B81-358A886D928A}.Debug|x64.Build.0 = Debug|Any CPU
		{0B51735F-6329-4170-8B81-358A886D928A}.Debug|x86.ActiveCfg = Debug|Any CPU
		{0B51735F-6329-4170-8B81-358A886D928A}.Debug|x86.Build.0 = Debug|Any CPU
		{0B51735F-6329-4170-8B81-358A886D928A}.Release|Any CPU.ActiveCfg = Release|Any CPU
		{0B51735F-6329-4170-8B81-358A886D928A}.Release|Any CPU.Build.0 = Release|Any CPU
		{0B51735F-6329-4170-8B81-358A886D928A}.Release|x64.ActiveCfg = Release|Any CPU
		{0B51735F-6329-4170-8B81-358A886D928A}.Release|x64.Build.0 = Release|Any CPU
		{0B51735F-6329-4170-8B81-358A886D928A}.Release|x86.ActiveCfg = Release|Any CPU
		{0B51735F-6329-4170-8B81-358A886D928A}.Release|x86.Build.0 = Release|Any CPU
		{53A73151-6F66-46E4-99FF-89EE00547FF2}.Debug|Any CPU.ActiveCfg = Debug|Any CPU
		{53A73151-6F66-46E4-99FF-89EE00547FF2}.Debug|Any CPU.Build.0 = Debug|Any CPU
		{53A73151-6F66-46E4-99FF-89EE00547FF2}.Debug|x64.ActiveCfg = Debug|Any CPU
		{53A73151-6F66-46E4-99FF-89EE00547FF2}.Debug|x64.Build.0 = Debug|Any CPU
		{53A73151-6F66-46E4-99FF-89EE00547FF2}.Debug|x86.ActiveCfg = Debug|Any CPU
		{53A73151-6F66-46E4-99FF-89EE00547FF2}.Debug|x86.Build.0 = Debug|Any CPU
		{53A73151-6F66-46E4-99FF-89EE00547FF2}.Release|Any CPU.ActiveCfg = Release|Any CPU
		{53A73151-6F66-46E4-99FF-89EE00547FF2}.Release|Any CPU.Build.0 = Release|Any CPU
		{53A73151-6F66-46E4-99FF-89EE00547FF2}.Release|x64.ActiveCfg = Release|Any CPU
		{53A73151-6F66-46E4-99FF-89EE00547FF2}.Release|x64.Build.0 = Release|Any CPU
		{53A73151-6F66-46E4-99FF-89EE00547FF2}.Release|x86.ActiveCfg = Release|Any CPU
		{53A73151-6F66-46E4-99FF-89EE00547FF2}.Release|x86.Build.0 = Release|Any CPU
		{ED65FA85-02E9-43BA-954A-5C86FE82F880}.Debug|Any CPU.ActiveCfg = Debug|Any CPU
		{ED65FA85-02E9-43BA-954A-5C86FE82F880}.Debug|Any CPU.Build.0 = Debug|Any CPU
		{ED65FA85-02E9-43BA-954A-5C86FE82F880}.Debug|x64.ActiveCfg = Debug|Any CPU
		{ED65FA85-02E9-43BA-954A-5C86FE82F880}.Debug|x64.Build.0 = Debug|Any CPU
		{ED65FA85-02E9-43BA-954A-5C86FE82F880}.Debug|x86.ActiveCfg = Debug|Any CPU
		{ED65FA85-02E9-43BA-954A-5C86FE82F880}.Debug|x86.Build.0 = Debug|Any CPU
		{ED65FA85-02E9-43BA-954A-5C86FE82F880}.Release|Any CPU.ActiveCfg = Release|Any CPU
		{ED65FA85-02E9-43BA-954A-5C86FE82F880}.Release|Any CPU.Build.0 = Release|Any CPU
		{ED65FA85-02E9-43BA-954A-5C86FE82F880}.Release|x64.ActiveCfg = Release|Any CPU
		{ED65FA85-02E9-43BA-954A-5C86FE82F880}.Release|x64.Build.0 = Release|Any CPU
		{ED65FA85-02E9-43BA-954A-5C86FE82F880}.Release|x86.ActiveCfg = Release|Any CPU
		{ED65FA85-02E9-43BA-954A-5C86FE82F880}.Release|x86.Build.0 = Release|Any CPU
		{0317107C-95E2-4946-88D7-558DDFA018DB}.Debug|Any CPU.ActiveCfg = Debug|Any CPU
		{0317107C-95E2-4946-88D7-558DDFA018DB}.Debug|Any CPU.Build.0 = Debug|Any CPU
		{0317107C-95E2-4946-88D7-558DDFA018DB}.Debug|x64.ActiveCfg = Debug|Any CPU
		{0317107C-95E2-4946-88D7-558DDFA018DB}.Debug|x64.Build.0 = Debug|Any CPU
		{0317107C-95E2-4946-88D7-558DDFA018DB}.Debug|x86.ActiveCfg = Debug|Any CPU
		{0317107C-95E2-4946-88D7-558DDFA018DB}.Debug|x86.Build.0 = Debug|Any CPU
		{0317107C-95E2-4946-88D7-558DDFA018DB}.Release|Any CPU.ActiveCfg = Release|Any CPU
		{0317107C-95E2-4946-88D7-558DDFA018DB}.Release|Any CPU.Build.0 = Release|Any CPU
		{0317107C-95E2-4946-88D7-558DDFA018DB}.Release|x64.ActiveCfg = Release|Any CPU
		{0317107C-95E2-4946-88D7-558DDFA018DB}.Release|x64.Build.0 = Release|Any CPU
		{0317107C-95E2-4946-88D7-558DDFA018DB}.Release|x86.ActiveCfg = Release|Any CPU
		{0317107C-95E2-4946-88D7-558DDFA018DB}.Release|x86.Build.0 = Release|Any CPU
		{9D937F7E-BD27-4554-87D5-FC8CAD4CCA78}.Debug|Any CPU.ActiveCfg = Debug|Any CPU
		{9D937F7E-BD27-4554-87D5-FC8CAD4CCA78}.Debug|Any CPU.Build.0 = Debug|Any CPU
		{9D937F7E-BD27-4554-87D5-FC8CAD4CCA78}.Debug|x64.ActiveCfg = Debug|Any CPU
		{9D937F7E-BD27-4554-87D5-FC8CAD4CCA78}.Debug|x64.Build.0 = Debug|Any CPU
		{9D937F7E-BD27-4554-87D5-FC8CAD4CCA78}.Debug|x86.ActiveCfg = Debug|Any CPU
		{9D937F7E-BD27-4554-87D5-FC8CAD4CCA78}.Debug|x86.Build.0 = Debug|Any CPU
		{9D937F7E-BD27-4554-87D5-FC8CAD4CCA78}.Release|Any CPU.ActiveCfg = Release|Any CPU
		{9D937F7E-BD27-4554-87D5-FC8CAD4CCA78}.Release|Any CPU.Build.0 = Release|Any CPU
		{9D937F7E-BD27-4554-87D5-FC8CAD4CCA78}.Release|x64.ActiveCfg = Release|Any CPU
		{9D937F7E-BD27-4554-87D5-FC8CAD4CCA78}.Release|x64.Build.0 = Release|Any CPU
		{9D937F7E-BD27-4554-87D5-FC8CAD4CCA78}.Release|x86.ActiveCfg = Release|Any CPU
		{9D937F7E-BD27-4554-87D5-FC8CAD4CCA78}.Release|x86.Build.0 = Release|Any CPU
		{0C7DBC31-F0DA-4F25-98B2-C31A0F680F1F}.Debug|Any CPU.ActiveCfg = Debug|Any CPU
		{0C7DBC31-F0DA-4F25-98B2-C31A0F680F1F}.Debug|Any CPU.Build.0 = Debug|Any CPU
		{0C7DBC31-F0DA-4F25-98B2-C31A0F680F1F}.Debug|x64.ActiveCfg = Debug|Any CPU
		{0C7DBC31-F0DA-4F25-98B2-C31A0F680F1F}.Debug|x64.Build.0 = Debug|Any CPU
		{0C7DBC31-F0DA-4F25-98B2-C31A0F680F1F}.Debug|x86.ActiveCfg = Debug|Any CPU
		{0C7DBC31-F0DA-4F25-98B2-C31A0F680F1F}.Debug|x86.Build.0 = Debug|Any CPU
		{0C7DBC31-F0DA-4F25-98B2-C31A0F680F1F}.Release|Any CPU.ActiveCfg = Release|Any CPU
		{0C7DBC31-F0DA-4F25-98B2-C31A0F680F1F}.Release|Any CPU.Build.0 = Release|Any CPU
		{0C7DBC31-F0DA-4F25-98B2-C31A0F680F1F}.Release|x64.ActiveCfg = Release|Any CPU
		{0C7DBC31-F0DA-4F25-98B2-C31A0F680F1F}.Release|x64.Build.0 = Release|Any CPU
		{0C7DBC31-F0DA-4F25-98B2-C31A0F680F1F}.Release|x86.ActiveCfg = Release|Any CPU
		{0C7DBC31-F0DA-4F25-98B2-C31A0F680F1F}.Release|x86.Build.0 = Release|Any CPU
		{515B21DC-D57B-46B8-AD40-CD6F5C8EEFA8}.Debug|Any CPU.ActiveCfg = Debug|Any CPU
		{515B21DC-D57B-46B8-AD40-CD6F5C8EEFA8}.Debug|Any CPU.Build.0 = Debug|Any CPU
		{515B21DC-D57B-46B8-AD40-CD6F5C8EEFA8}.Debug|x64.ActiveCfg = Debug|Any CPU
		{515B21DC-D57B-46B8-AD40-CD6F5C8EEFA8}.Debug|x64.Build.0 = Debug|Any CPU
		{515B21DC-D57B-46B8-AD40-CD6F5C8EEFA8}.Debug|x86.ActiveCfg = Debug|Any CPU
		{515B21DC-D57B-46B8-AD40-CD6F5C8EEFA8}.Debug|x86.Build.0 = Debug|Any CPU
		{515B21DC-D57B-46B8-AD40-CD6F5C8EEFA8}.Release|Any CPU.ActiveCfg = Release|Any CPU
		{515B21DC-D57B-46B8-AD40-CD6F5C8EEFA8}.Release|Any CPU.Build.0 = Release|Any CPU
		{515B21DC-D57B-46B8-AD40-CD6F5C8EEFA8}.Release|x64.ActiveCfg = Release|Any CPU
		{515B21DC-D57B-46B8-AD40-CD6F5C8EEFA8}.Release|x64.Build.0 = Release|Any CPU
		{515B21DC-D57B-46B8-AD40-CD6F5C8EEFA8}.Release|x86.ActiveCfg = Release|Any CPU
		{515B21DC-D57B-46B8-AD40-CD6F5C8EEFA8}.Release|x86.Build.0 = Release|Any CPU
		{24C6F164-1F2B-4B79-855B-0C6B5F807948}.Debug|Any CPU.ActiveCfg = Debug|Any CPU
		{24C6F164-1F2B-4B79-855B-0C6B5F807948}.Debug|Any CPU.Build.0 = Debug|Any CPU
		{24C6F164-1F2B-4B79-855B-0C6B5F807948}.Debug|x64.ActiveCfg = Debug|Any CPU
		{24C6F164-1F2B-4B79-855B-0C6B5F807948}.Debug|x64.Build.0 = Debug|Any CPU
		{24C6F164-1F2B-4B79-855B-0C6B5F807948}.Debug|x86.ActiveCfg = Debug|Any CPU
		{24C6F164-1F2B-4B79-855B-0C6B5F807948}.Debug|x86.Build.0 = Debug|Any CPU
		{24C6F164-1F2B-4B79-855B-0C6B5F807948}.Release|Any CPU.ActiveCfg = Release|Any CPU
		{24C6F164-1F2B-4B79-855B-0C6B5F807948}.Release|Any CPU.Build.0 = Release|Any CPU
		{24C6F164-1F2B-4B79-855B-0C6B5F807948}.Release|x64.ActiveCfg = Release|Any CPU
		{24C6F164-1F2B-4B79-855B-0C6B5F807948}.Release|x64.Build.0 = Release|Any CPU
		{24C6F164-1F2B-4B79-855B-0C6B5F807948}.Release|x86.ActiveCfg = Release|Any CPU
		{24C6F164-1F2B-4B79-855B-0C6B5F807948}.Release|x86.Build.0 = Release|Any CPU
		{66EA146C-03D3-47B5-8061-99E26D95F6F5}.Debug|Any CPU.ActiveCfg = Debug|Any CPU
		{66EA146C-03D3-47B5-8061-99E26D95F6F5}.Debug|Any CPU.Build.0 = Debug|Any CPU
		{66EA146C-03D3-47B5-8061-99E26D95F6F5}.Debug|x64.ActiveCfg = Debug|Any CPU
		{66EA146C-03D3-47B5-8061-99E26D95F6F5}.Debug|x64.Build.0 = Debug|Any CPU
		{66EA146C-03D3-47B5-8061-99E26D95F6F5}.Debug|x86.ActiveCfg = Debug|Any CPU
		{66EA146C-03D3-47B5-8061-99E26D95F6F5}.Debug|x86.Build.0 = Debug|Any CPU
		{66EA146C-03D3-47B5-8061-99E26D95F6F5}.Release|Any CPU.ActiveCfg = Release|Any CPU
		{66EA146C-03D3-47B5-8061-99E26D95F6F5}.Release|Any CPU.Build.0 = Release|Any CPU
		{66EA146C-03D3-47B5-8061-99E26D95F6F5}.Release|x64.ActiveCfg = Release|Any CPU
		{66EA146C-03D3-47B5-8061-99E26D95F6F5}.Release|x64.Build.0 = Release|Any CPU
		{66EA146C-03D3-47B5-8061-99E26D95F6F5}.Release|x86.ActiveCfg = Release|Any CPU
		{66EA146C-03D3-47B5-8061-99E26D95F6F5}.Release|x86.Build.0 = Release|Any CPU
		{22A11A68-FD7B-4572-BC5A-7F3434CC6949}.Debug|Any CPU.ActiveCfg = Debug|Any CPU
		{22A11A68-FD7B-4572-BC5A-7F3434CC6949}.Debug|Any CPU.Build.0 = Debug|Any CPU
		{22A11A68-FD7B-4572-BC5A-7F3434CC6949}.Debug|x64.ActiveCfg = Debug|Any CPU
		{22A11A68-FD7B-4572-BC5A-7F3434CC6949}.Debug|x64.Build.0 = Debug|Any CPU
		{22A11A68-FD7B-4572-BC5A-7F3434CC6949}.Debug|x86.ActiveCfg = Debug|Any CPU
		{22A11A68-FD7B-4572-BC5A-7F3434CC6949}.Debug|x86.Build.0 = Debug|Any CPU
		{22A11A68-FD7B-4572-BC5A-7F3434CC6949}.Release|Any CPU.ActiveCfg = Release|Any CPU
		{22A11A68-FD7B-4572-BC5A-7F3434CC6949}.Release|Any CPU.Build.0 = Release|Any CPU
		{22A11A68-FD7B-4572-BC5A-7F3434CC6949}.Release|x64.ActiveCfg = Release|Any CPU
		{22A11A68-FD7B-4572-BC5A-7F3434CC6949}.Release|x64.Build.0 = Release|Any CPU
		{22A11A68-FD7B-4572-BC5A-7F3434CC6949}.Release|x86.ActiveCfg = Release|Any CPU
		{22A11A68-FD7B-4572-BC5A-7F3434CC6949}.Release|x86.Build.0 = Release|Any CPU
		{E9806BEF-09F3-487D-9D81-EC232A081E52}.Debug|Any CPU.ActiveCfg = Debug|Any CPU
		{E9806BEF-09F3-487D-9D81-EC232A081E52}.Debug|Any CPU.Build.0 = Debug|Any CPU
		{E9806BEF-09F3-487D-9D81-EC232A081E52}.Debug|x64.ActiveCfg = Debug|Any CPU
		{E9806BEF-09F3-487D-9D81-EC232A081E52}.Debug|x64.Build.0 = Debug|Any CPU
		{E9806BEF-09F3-487D-9D81-EC232A081E52}.Debug|x86.ActiveCfg = Debug|Any CPU
		{E9806BEF-09F3-487D-9D81-EC232A081E52}.Debug|x86.Build.0 = Debug|Any CPU
		{E9806BEF-09F3-487D-9D81-EC232A081E52}.Release|Any CPU.ActiveCfg = Release|Any CPU
		{E9806BEF-09F3-487D-9D81-EC232A081E52}.Release|Any CPU.Build.0 = Release|Any CPU
		{E9806BEF-09F3-487D-9D81-EC232A081E52}.Release|x64.ActiveCfg = Release|Any CPU
		{E9806BEF-09F3-487D-9D81-EC232A081E52}.Release|x64.Build.0 = Release|Any CPU
		{E9806BEF-09F3-487D-9D81-EC232A081E52}.Release|x86.ActiveCfg = Release|Any CPU
		{E9806BEF-09F3-487D-9D81-EC232A081E52}.Release|x86.Build.0 = Release|Any CPU
		{256E3B44-11DA-4F96-8FE9-981E4EBD5D17}.Debug|Any CPU.ActiveCfg = Debug|Any CPU
		{256E3B44-11DA-4F96-8FE9-981E4EBD5D17}.Debug|Any CPU.Build.0 = Debug|Any CPU
		{256E3B44-11DA-4F96-8FE9-981E4EBD5D17}.Debug|x64.ActiveCfg = Debug|Any CPU
		{256E3B44-11DA-4F96-8FE9-981E4EBD5D17}.Debug|x64.Build.0 = Debug|Any CPU
		{256E3B44-11DA-4F96-8FE9-981E4EBD5D17}.Debug|x86.ActiveCfg = Debug|Any CPU
		{256E3B44-11DA-4F96-8FE9-981E4EBD5D17}.Debug|x86.Build.0 = Debug|Any CPU
		{256E3B44-11DA-4F96-8FE9-981E4EBD5D17}.Release|Any CPU.ActiveCfg = Release|Any CPU
		{256E3B44-11DA-4F96-8FE9-981E4EBD5D17}.Release|Any CPU.Build.0 = Release|Any CPU
		{256E3B44-11DA-4F96-8FE9-981E4EBD5D17}.Release|x64.ActiveCfg = Release|Any CPU
		{256E3B44-11DA-4F96-8FE9-981E4EBD5D17}.Release|x64.Build.0 = Release|Any CPU
		{256E3B44-11DA-4F96-8FE9-981E4EBD5D17}.Release|x86.ActiveCfg = Release|Any CPU
		{256E3B44-11DA-4F96-8FE9-981E4EBD5D17}.Release|x86.Build.0 = Release|Any CPU
		{7D9ACCC4-591C-4A8B-8D9E-38DDD80382CC}.Debug|Any CPU.ActiveCfg = Debug|Any CPU
		{7D9ACCC4-591C-4A8B-8D9E-38DDD80382CC}.Debug|Any CPU.Build.0 = Debug|Any CPU
		{7D9ACCC4-591C-4A8B-8D9E-38DDD80382CC}.Debug|x64.ActiveCfg = Debug|Any CPU
		{7D9ACCC4-591C-4A8B-8D9E-38DDD80382CC}.Debug|x64.Build.0 = Debug|Any CPU
		{7D9ACCC4-591C-4A8B-8D9E-38DDD80382CC}.Debug|x86.ActiveCfg = Debug|Any CPU
		{7D9ACCC4-591C-4A8B-8D9E-38DDD80382CC}.Debug|x86.Build.0 = Debug|Any CPU
		{7D9ACCC4-591C-4A8B-8D9E-38DDD80382CC}.Release|Any CPU.ActiveCfg = Release|Any CPU
		{7D9ACCC4-591C-4A8B-8D9E-38DDD80382CC}.Release|Any CPU.Build.0 = Release|Any CPU
		{7D9ACCC4-591C-4A8B-8D9E-38DDD80382CC}.Release|x64.ActiveCfg = Release|Any CPU
		{7D9ACCC4-591C-4A8B-8D9E-38DDD80382CC}.Release|x64.Build.0 = Release|Any CPU
		{7D9ACCC4-591C-4A8B-8D9E-38DDD80382CC}.Release|x86.ActiveCfg = Release|Any CPU
		{7D9ACCC4-591C-4A8B-8D9E-38DDD80382CC}.Release|x86.Build.0 = Release|Any CPU
		{2CF2666B-C251-479B-AF46-712D7D21EAC1}.Debug|Any CPU.ActiveCfg = Debug|Any CPU
		{2CF2666B-C251-479B-AF46-712D7D21EAC1}.Debug|Any CPU.Build.0 = Debug|Any CPU
		{2CF2666B-C251-479B-AF46-712D7D21EAC1}.Debug|x64.ActiveCfg = Debug|Any CPU
		{2CF2666B-C251-479B-AF46-712D7D21EAC1}.Debug|x64.Build.0 = Debug|Any CPU
		{2CF2666B-C251-479B-AF46-712D7D21EAC1}.Debug|x86.ActiveCfg = Debug|Any CPU
		{2CF2666B-C251-479B-AF46-712D7D21EAC1}.Debug|x86.Build.0 = Debug|Any CPU
		{2CF2666B-C251-479B-AF46-712D7D21EAC1}.Release|Any CPU.ActiveCfg = Release|Any CPU
		{2CF2666B-C251-479B-AF46-712D7D21EAC1}.Release|Any CPU.Build.0 = Release|Any CPU
		{2CF2666B-C251-479B-AF46-712D7D21EAC1}.Release|x64.ActiveCfg = Release|Any CPU
		{2CF2666B-C251-479B-AF46-712D7D21EAC1}.Release|x64.Build.0 = Release|Any CPU
		{2CF2666B-C251-479B-AF46-712D7D21EAC1}.Release|x86.ActiveCfg = Release|Any CPU
		{2CF2666B-C251-479B-AF46-712D7D21EAC1}.Release|x86.Build.0 = Release|Any CPU
		{07CEDB05-D52C-4256-A22A-94D068453D68}.Debug|Any CPU.ActiveCfg = Debug|Any CPU
		{07CEDB05-D52C-4256-A22A-94D068453D68}.Debug|Any CPU.Build.0 = Debug|Any CPU
		{07CEDB05-D52C-4256-A22A-94D068453D68}.Debug|x64.ActiveCfg = Debug|Any CPU
		{07CEDB05-D52C-4256-A22A-94D068453D68}.Debug|x64.Build.0 = Debug|Any CPU
		{07CEDB05-D52C-4256-A22A-94D068453D68}.Debug|x86.ActiveCfg = Debug|Any CPU
		{07CEDB05-D52C-4256-A22A-94D068453D68}.Debug|x86.Build.0 = Debug|Any CPU
		{07CEDB05-D52C-4256-A22A-94D068453D68}.Release|Any CPU.ActiveCfg = Release|Any CPU
		{07CEDB05-D52C-4256-A22A-94D068453D68}.Release|Any CPU.Build.0 = Release|Any CPU
		{07CEDB05-D52C-4256-A22A-94D068453D68}.Release|x64.ActiveCfg = Release|Any CPU
		{07CEDB05-D52C-4256-A22A-94D068453D68}.Release|x64.Build.0 = Release|Any CPU
		{07CEDB05-D52C-4256-A22A-94D068453D68}.Release|x86.ActiveCfg = Release|Any CPU
		{07CEDB05-D52C-4256-A22A-94D068453D68}.Release|x86.Build.0 = Release|Any CPU
	EndGlobalSection
	GlobalSection(SolutionProperties) = preSolution
		HideSolutionNode = FALSE
	EndGlobalSection
	GlobalSection(NestedProjects) = preSolution
		{A3BE0F87-BF79-4487-9B85-DA3EA2917946} = {3CFF577E-8222-4636-AA5C-2CAFCDEC1F69}
		{5FB66CE3-3A72-44E2-8F81-970B329FD787} = {3CFF577E-8222-4636-AA5C-2CAFCDEC1F69}
		{0B51735F-6329-4170-8B81-358A886D928A} = {3CFF577E-8222-4636-AA5C-2CAFCDEC1F69}
		{53A73151-6F66-46E4-99FF-89EE00547FF2} = {3CFF577E-8222-4636-AA5C-2CAFCDEC1F69}
		{ED65FA85-02E9-43BA-954A-5C86FE82F880} = {543DA14A-0A54-4FAF-B445-565E452FBA9B}
		{0317107C-95E2-4946-88D7-558DDFA018DB} = {543DA14A-0A54-4FAF-B445-565E452FBA9B}
		{9D937F7E-BD27-4554-87D5-FC8CAD4CCA78} = {543DA14A-0A54-4FAF-B445-565E452FBA9B}
		{0C7DBC31-F0DA-4F25-98B2-C31A0F680F1F} = {543DA14A-0A54-4FAF-B445-565E452FBA9B}
		{515B21DC-D57B-46B8-AD40-CD6F5C8EEFA8} = {798C6E98-06C0-45E3-8E24-33B74BD25519}
		{24C6F164-1F2B-4B79-855B-0C6B5F807948} = {798C6E98-06C0-45E3-8E24-33B74BD25519}
		{66EA146C-03D3-47B5-8061-99E26D95F6F5} = {798C6E98-06C0-45E3-8E24-33B74BD25519}
		{22A11A68-FD7B-4572-BC5A-7F3434CC6949} = {798C6E98-06C0-45E3-8E24-33B74BD25519}
		{E9806BEF-09F3-487D-9D81-EC232A081E52} = {798C6E98-06C0-45E3-8E24-33B74BD25519}
		{256E3B44-11DA-4F96-8FE9-981E4EBD5D17} = {862F857A-41EE-42D6-B912-65310EB5197A}
		{7D9ACCC4-591C-4A8B-8D9E-38DDD80382CC} = {862F857A-41EE-42D6-B912-65310EB5197A}
		{2CF2666B-C251-479B-AF46-712D7D21EAC1} = {862F857A-41EE-42D6-B912-65310EB5197A}
		{07CEDB05-D52C-4256-A22A-94D068453D68} = {862F857A-41EE-42D6-B912-65310EB5197A}
	EndGlobalSection
	GlobalSection(ExtensibilityGlobals) = postSolution
		SolutionGuid = {4466558F-7E83-4301-8118-64488F2AD21A}
	EndGlobalSection
EndGlobal
